# THIS IS AN AUTOGENERATED FILE. DO NOT EDIT THIS FILE DIRECTLY.
# yarn lockfile v1


lz77@^1.1.0:
  version "1.1.0"
  resolved "https://registry.yarnpkg.com/lz77/-/lz77-1.1.0.tgz#16f330a14c7df5892da82480c0b6cfecbcca77e3"
  integrity sha512-fFPFMweE76K1NvIAUaSYjXYNq5vYqv59DO5R4YWC6eLR3XJLCIh+tT3OClk+7Dh4QQoTklJwaGzTIRF2cH05oA==
